
Microsoft Visual Studio Solution File, Format Version 12.00
# Visual Studio Version 17
VisualStudioVersion = 17.4.33110.190
MinimumVisualStudioVersion = 10.0.40219.1
Project("{FAE04EC0-301F-11D3-BF4B-00C04F79EFBC}") = "AbenteuerSpiel", "AbenteuerSpiel\AbenteuerSpiel.csproj", "{A06E1EFA-A4CE-4586-98BB-6AF88E4ACD3C}"
EndProject
Global
	GlobalSection(SolutionConfigurationPlatforms) = preSolution
		Debug|Any CPU = Debug|Any CPU
		Release|Any CPU = Release|Any CPU
	EndGlobalSection
	GlobalSection(ProjectConfigurationPlatforms) = postSolution
		{A06E1EFA-A4CE-4586-98BB-6AF88E4ACD3C}.Debug|Any CPU.ActiveCfg = Debug|Any CPU
		{A06E1EFA-A4CE-4586-98BB-6AF88E4ACD3C}.Debug|Any CPU.Build.0 = Debug|Any CPU
		{A06E1EFA-A4CE-4586-98BB-6AF88E4ACD3C}.Release|Any CPU.ActiveCfg = Release|Any CPU
		{A06E1EFA-A4CE-4586-98BB-6AF88E4ACD3C}.Release|Any CPU.Build.0 = Release|Any CPU
	EndGlobalSection
	GlobalSection(SolutionProperties) = preSolution
		HideSolutionNode = FALSE
	EndGlobalSection
	GlobalSection(ExtensibilityGlobals) = postSolution
		SolutionGuid = {5616107C-792B-4723-B295-8A6441C02AA9}
	EndGlobalSection
EndGlobal
